
Microsoft Visual Studio Solution File, Format Version 12.00
# Visual Studio Version 16
VisualStudioVersion = 16.0.31515.178
MinimumVisualStudioVersion = 10.0.40219.1
Project("{9A19103F-16F7-4668-BE54-9A1E7A4F7556}") = "Bug_Tracker", "Bug_Tracker\Bug_Tracker.csproj", "{87B4C8DE-9EB1-4BDB-8EA3-F23908D16099}"
EndProject
Global
	GlobalSection(SolutionConfigurationPlatforms) = preSolution
		Debug|Any CPU = Debug|Any CPU
		Release|Any CPU = Release|Any CPU
	EndGlobalSection
	GlobalSection(ProjectConfigurationPlatforms) = postSolution
		{87B4C8DE-9EB1-4BDB-8EA3-F23908D16099}.Debug|Any CPU.ActiveCfg = Debug|Any CPU
		{87B4C8DE-9EB1-4BDB-8EA3-F23908D16099}.Debug|Any CPU.Build.0 = Debug|Any CPU
		{87B4C8DE-9EB1-4BDB-8EA3-F23908D16099}.Release|Any CPU.ActiveCfg = Release|Any CPU
		{87B4C8DE-9EB1-4BDB-8EA3-F23908D16099}.Release|Any CPU.Build.0 = Release|Any CPU
	EndGlobalSection
	GlobalSection(SolutionProperties) = preSolution
		HideSolutionNode = FALSE
	EndGlobalSection
	GlobalSection(ExtensibilityGlobals) = postSolution
		SolutionGuid = {C56D1D5C-9907-459D-B75D-0CEE2FC56496}
	EndGlobalSection
EndGlobal
